auditok==0.1.5
chardet==7.6.0
charset-normalizer==3.5.1
faust-cchardet==3.2.0
ffmpeg-python==0.2.0
ffsubsync==0.4.29
future==1.0.0
markdown-it-py==4.2.0
mdurl==0.1.2
numpy==2.4.6
pygments==2.21.0
pysubs2==1.8.1
rich==15.0.0
setuptools==80.9.0
srt==3.5.3
tqdm==4.70.0
typing-extensions==4.16.0
webrtcvad==2.0.10
webrtcvad-wheels==2.0.14
